// !$*UTF8*$!
{
	archiveVersion = 1;
	classes = {
	};
	objectVersion = 46;
	objects = {

/* Begin PBXBuildFile section */
		692451BD1C8D82D100ECC1C4 /* LICENSE in Resources */ = {isa = PBXBuildFile; fileRef = 6924519D1C8D82D100ECC1C4 /* LICENSE */; };
		692451BE1C8D82D100ECC1C4 /* README.md in Sources */ = {isa = PBXBuildFile; fileRef = 6924519E1C8D82D100ECC1C4 /* README.md */; };
		692451BF1C8D82D100ECC1C4 /* NSData+ImageContentType.m in Sources */ = {isa = PBXBuildFile; fileRef = 692451A11C8D82D100ECC1C4 /* NSData+ImageContentType.m */; };
		692451C01C8D82D100ECC1C4 /* SDImageCache.m in Sources */ = {isa = PBXBuildFile; fileRef = 692451A31C8D82D100ECC1C4 /* SDImageCache.m */; };
		692451C11C8D82D100ECC1C4 /* SDWebImageCompat.m in Sources */ = {isa = PBXBuildFile; fileRef = 692451A51C8D82D100ECC1C4 /* SDWebImageCompat.m */; };
		692451C21C8D82D100ECC1C4 /* SDWebImageDecoder.m in Sources */ = {isa = PBXBuildFile; fileRef = 692451A71C8D82D100ECC1C4 /* SDWebImageDecoder.m */; };
		692451C31C8D82D100ECC1C4 /* SDWebImageDownloader.m in Sources */ = {isa = PBXBuildFile; fileRef = 692451A91C8D82D100ECC1C4 /* SDWebImageDownloader.m */; };
		692451C41C8D82D100ECC1C4 /* SDWebImageDownloaderOperation.m in Sources */ = {isa = PBXBuildFile; fileRef = 692451AB1C8D82D100ECC1C4 /* SDWebImageDownloaderOperation.m */; };
		692451C51C8D82D100ECC1C4 /* SDWebImageManager.m in Sources */ = {isa = PBXBuildFile; fileRef = 692451AD1C8D82D100ECC1C4 /* SDWebImageManager.m */; };
		692451C61C8D82D100ECC1C4 /* SDWebImagePrefetcher.m in Sources */ = {isa = PBXBuildFile; fileRef = 692451B01C8D82D100ECC1C4 /* SDWebImagePrefetcher.m */; };
		692451C71C8D82D100ECC1C4 /* UIButton+WebCache.m in Sources */ = {isa = PBXBuildFile; fileRef = 692451B21C8D82D100ECC1C4 /* UIButton+WebCache.m */; };
		692451C81C8D82D100ECC1C4 /* UIImage+GIF.m in Sources */ = {isa = PBXBuildFile; fileRef = 692451B41C8D82D100ECC1C4 /* UIImage+GIF.m */; };
		692451C91C8D82D100ECC1C4 /* UIImage+MultiFormat.m in Sources */ = {isa = PBXBuildFile; fileRef = 692451B61C8D82D100ECC1C4 /* UIImage+MultiFormat.m */; };
		692451CA1C8D82D100ECC1C4 /* UIImageView+HighlightedWebCache.m in Sources */ = {isa = PBXBuildFile; fileRef = 692451B81C8D82D100ECC1C4 /* UIImageView+HighlightedWebCache.m */; };
		692451CB1C8D82D100ECC1C4 /* UIImageView+WebCache.m in Sources */ = {isa = PBXBuildFile; fileRef = 692451BA1C8D82D100ECC1C4 /* UIImageView+WebCache.m */; };
		692451CC1C8D82D100ECC1C4 /* UIView+WebCacheOperation.m in Sources */ = {isa = PBXBuildFile; fileRef = 692451BC1C8D82D100ECC1C4 /* UIView+WebCacheOperation.m */; };
		69DCDF7F1C8D4969007AE04C /* main.m in Sources */ = {isa = PBXBuildFile; fileRef = 69DCDF7E1C8D4969007AE04C /* main.m */; };
		69DCDF821C8D4969007AE04C /* AppDelegate.m in Sources */ = {isa = PBXBuildFile; fileRef = 69DCDF811C8D4969007AE04C /* AppDelegate.m */; };
		69DCDF851C8D4969007AE04C /* ViewController.m in Sources */ = {isa = PBXBuildFile; fileRef = 69DCDF841C8D4969007AE04C /* ViewController.m */; };
		69DCDF881C8D4969007AE04C /* Main.storyboard in Resources */ = {isa = PBXBuildFile; fileRef = 69DCDF861C8D4969007AE04C /* Main.storyboard */; };
		69DCDF8A1C8D4969007AE04C /* Assets.xcassets in Resources */ = {isa = PBXBuildFile; fileRef = 69DCDF891C8D4969007AE04C /* Assets.xcassets */; };
		69DCDF8D1C8D4969007AE04C /* LaunchScreen.storyboard in Resources */ = {isa = PBXBuildFile; fileRef = 69DCDF8B1C8D4969007AE04C /* LaunchScreen.storyboard */; };
		69DCDF981C8D4969007AE04C /* WSWScrollviewTests.m in Sources */ = {isa = PBXBuildFile; fileRef = 69DCDF971C8D4969007AE04C /* WSWScrollviewTests.m */; };
		69DCDFA31C8D4969007AE04C /* WSWScrollviewUITests.m in Sources */ = {isa = PBXBuildFile; fileRef = 69DCDFA21C8D4969007AE04C /* WSWScrollviewUITests.m */; };
		69DCDFE71C8D4D65007AE04C /* 火影01.png in Resources */ = {isa = PBXBuildFile; fileRef = 69DCDFB11C8D4D65007AE04C /* 火影01.png */; };
		69DCDFE81C8D4D65007AE04C /* 火影02.png in Resources */ = {isa = PBXBuildFile; fileRef = 69DCDFB21C8D4D65007AE04C /* 火影02.png */; };
		69DCDFE91C8D4D65007AE04C /* 火影03.png in Resources */ = {isa = PBXBuildFile; fileRef = 69DCDFB31C8D4D65007AE04C /* 火影03.png */; };
		69DCDFEA1C8D4D65007AE04C /* 火影04.png in Resources */ = {isa = PBXBuildFile; fileRef = 69DCDFB41C8D4D65007AE04C /* 火影04.png */; };
		69DCE01F1C8D710F007AE04C /* WSWScrollView.m in Sources */ = {isa = PBXBuildFile; fileRef = 69DCE01E1C8D710F007AE04C /* WSWScrollView.m */; };
/* End PBXBuildFile section */

/* Begin PBXContainerItemProxy section */
		69DCDF941C8D4969007AE04C /* PBXContainerItemProxy */ = {
			isa = PBXContainerItemProxy;
			containerPortal = 69DCDF721C8D4969007AE04C /* Project object */;
			proxyType = 1;
			remoteGlobalIDString = 69DCDF791C8D4969007AE04C;
			remoteInfo = WSWScrollview;
		};
		69DCDF9F1C8D4969007AE04C /* PBXContainerItemProxy */ = {
			isa = PBXContainerItemProxy;
			containerPortal = 69DCDF721C8D4969007AE04C /* Project object */;
			proxyType = 1;
			remoteGlobalIDString = 69DCDF791C8D4969007AE04C;
			remoteInfo = WSWScrollview;
		};
/* End PBXContainerItemProxy section */

/* Begin PBXFileReference section */
		6924519D1C8D82D100ECC1C4 /* LICENSE */ = {isa = PBXFileReference; fileEncoding = 4; lastKnownFileType = text; path = LICENSE; sourceTree = "<group>"; };
		6924519E1C8D82D100ECC1C4 /* README.md */ = {isa = PBXFileReference; fileEncoding = 4; lastKnownFileType = net.daringfireball.markdown; path = README.md; sourceTree = "<group>"; };
		692451A01C8D82D100ECC1C4 /* NSData+ImageContentType.h */ = {isa = PBXFileReference; fileEncoding = 4; lastKnownFileType = sourcecode.c.h; path = "NSData+ImageContentType.h"; sourceTree = "<group>"; };
		692451A11C8D82D100ECC1C4 /* NSData+ImageContentType.m */ = {isa = PBXFileReference; fileEncoding = 4; lastKnownFileType = sourcecode.c.objc; path = "NSData+ImageContentType.m"; sourceTree = "<group>"; };
		692451A21C8D82D100ECC1C4 /* SDImageCache.h */ = {isa = PBXFileReference; fileEncoding = 4; lastKnownFileType = sourcecode.c.h; path = SDImageCache.h; sourceTree = "<group>"; };
		692451A31C8D82D100ECC1C4 /* SDImageCache.m */ = {isa = PBXFileReference; fileEncoding = 4; lastKnownFileType = sourcecode.c.objc; path = SDImageCache.m; sourceTree = "<group>"; };
		692451A41C8D82D100ECC1C4 /* SDWebImageCompat.h */ = {isa = PBXFileReference; fileEncoding = 4; lastKnownFileType = sourcecode.c.h; path = SDWebImageCompat.h; sourceTree = "<group>"; };
		692451A51C8D82D100ECC1C4 /* SDWebImageCompat.m */ = {isa = PBXFileReference; fileEncoding = 4; lastKnownFileType = sourcecode.c.objc; path = SDWebImageCompat.m; sourceTree = "<group>"; };
		692451A61C8D82D100ECC1C4 /* SDWebImageDecoder.h */ = {isa = PBXFileReference; fileEncoding = 4; lastKnownFileType = sourcecode.c.h; path = SDWebImageDecoder.h; sourceTree = "<group>"; };
		692451A71C8D82D100ECC1C4 /* SDWebImageDecoder.m */ = {isa = PBXFileReference; fileEncoding = 4; lastKnownFileType = sourcecode.c.objc; path = SDWebImageDecoder.m; sourceTree = "<group>"; };
		692451A81C8D82D100ECC1C4 /* SDWebImageDownloader.h */ = {isa = PBXFileReference; fileEncoding = 4; lastKnownFileType = sourcecode.c.h; path = SDWebImageDownloader.h; sourceTree = "<group>"; };
		692451A91C8D82D100ECC1C4 /* SDWebImageDownloader.m */ = {isa = PBXFileReference; fileEncoding = 4; lastKnownFileType = sourcecode.c.objc; path = SDWebImageDownloader.m; sourceTree = "<group>"; };
		692451AA1C8D82D100ECC1C4 /* SDWebImageDownloaderOperation.h */ = {isa = PBXFileReference; fileEncoding = 4; lastKnownFileType = sourcecode.c.h; path = SDWebImageDownloaderOperation.h; sourceTree = "<group>"; };
		692451AB1C8D82D100ECC1C4 /* SDWebImageDownloaderOperation.m */ = {isa = PBXFileReference; fileEncoding = 4; lastKnownFileType = sourcecode.c.objc; path = SDWebImageDownloaderOperation.m; sourceTree = "<group>"; };
		692451AC1C8D82D100ECC1C4 /* SDWebImageManager.h */ = {isa = PBXFileReference; fileEncoding = 4; lastKnownFileType = sourcecode.c.h; path = SDWebImageManager.h; sourceTree = "<group>"; };
		692451AD1C8D82D100ECC1C4 /* SDWebImageManager.m */ = {isa = PBXFileReference; fileEncoding = 4; lastKnownFileType = sourcecode.c.objc; path = SDWebImageManager.m; sourceTree = "<group>"; };
		692451AE1C8D82D100ECC1C4 /* SDWebImageOperation.h */ = {isa = PBXFileReference; fileEncoding = 4; lastKnownFileType = sourcecode.c.h; path = SDWebImageOperation.h; sourceTree = "<group>"; };
		692451AF1C8D82D100ECC1C4 /* SDWebImagePrefetcher.h */ = {isa = PBXFileReference; fileEncoding = 4; lastKnownFileType = sourcecode.c.h; path = SDWebImagePrefetcher.h; sourceTree = "<group>"; };
		692451B01C8D82D100ECC1C4 /* SDWebImagePrefetcher.m */ = {isa = PBXFileReference; fileEncoding = 4; lastKnownFileType = sourcecode.c.objc; path = SDWebImagePrefetcher.m; sourceTree = "<group>"; };
		692451B11C8D82D100ECC1C4 /* UIButton+WebCache.h */ = {isa = PBXFileReference; fileEncoding = 4; lastKnownFileType = sourcecode.c.h; path = "UIButton+WebCache.h"; sourceTree = "<group>"; };
		692451B21C8D82D100ECC1C4 /* UIButton+WebCache.m */ = {isa = PBXFileReference; fileEncoding = 4; lastKnownFileType = sourcecode.c.objc; path = "UIButton+WebCache.m"; sourceTree = "<group>"; };
		692451B31C8D82D100ECC1C4 /* UIImage+GIF.h */ = {isa = PBXFileReference; fileEncoding = 4; lastKnownFileType = sourcecode.c.h; path = "UIImage+GIF.h"; sourceTree = "<group>"; };
		692451B41C8D82D100ECC1C4 /* UIImage+GIF.m */ = {isa = PBXFileReference; fileEncoding = 4; lastKnownFileType = sourcecode.c.objc; path = "UIImage+GIF.m"; sourceTree = "<group>"; };
		692451B51C8D82D100ECC1C4 /* UIImage+MultiFormat.h */ = {isa = PBXFileReference; fileEncoding = 4; lastKnownFileType = sourcecode.c.h; path = "UIImage+MultiFormat.h"; sourceTree = "<group>"; };
		692451B61C8D82D100ECC1C4 /* UIImage+MultiFormat.m */ = {isa = PBXFileReference; fileEncoding = 4; lastKnownFileType = sourcecode.c.objc; path = "UIImage+MultiFormat.m"; sourceTree = "<group>"; };
		692451B71C8D82D100ECC1C4 /* UIImageView+HighlightedWebCache.h */ = {isa = PBXFileReference; fileEncoding = 4; lastKnownFileType = sourcecode.c.h; path = "UIImageView+HighlightedWebCache.h"; sourceTree = "<group>"; };
		692451B81C8D82D100ECC1C4 /* UIImageView+HighlightedWebCache.m */ = {isa = PBXFileReference; fileEncoding = 4; lastKnownFileType = sourcecode.c.objc; path = "UIImageView+HighlightedWebCache.m"; sourceTree = "<group>"; };
		692451B91C8D82D100ECC1C4 /* UIImageView+WebCache.h */ = {isa = PBXFileReference; fileEncoding = 4; lastKnownFileType = sourcecode.c.h; path = "UIImageView+WebCache.h"; sourceTree = "<group>"; };
		692451BA1C8D82D100ECC1C4 /* UIImageView+WebCache.m */ = {isa = PBXFileReference; fileEncoding = 4; lastKnownFileType = sourcecode.c.objc; path = "UIImageView+WebCache.m"; sourceTree = "<group>"; };
		692451BB1C8D82D100ECC1C4 /* UIView+WebCacheOperation.h */ = {isa = PBXFileReference; fileEncoding = 4; lastKnownFileType = sourcecode.c.h; path = "UIView+WebCacheOperation.h"; sourceTree = "<group>"; };
		692451BC1C8D82D100ECC1C4 /* UIView+WebCacheOperation.m */ = {isa = PBXFileReference; fileEncoding = 4; lastKnownFileType = sourcecode.c.objc; path = "UIView+WebCacheOperation.m"; sourceTree = "<group>"; };
		69DCDF7A1C8D4969007AE04C /* WSWScrollview.app */ = {isa = PBXFileReference; explicitFileType = wrapper.application; includeInIndex = 0; path = WSWScrollview.app; sourceTree = BUILT_PRODUCTS_DIR; };
		69DCDF7E1C8D4969007AE04C /* main.m */ = {isa = PBXFileReference; lastKnownFileType = sourcecode.c.objc; path = main.m; sourceTree = "<group>"; };
		69DCDF801C8D4969007AE04C /* AppDelegate.h */ = {isa = PBXFileReference; lastKnownFileType = sourcecode.c.h; path = AppDelegate.h; sourceTree = "<group>"; };
		69DCDF811C8D4969007AE04C /* AppDelegate.m */ = {isa = PBXFileReference; lastKnownFileType = sourcecode.c.objc; path = AppDelegate.m; sourceTree = "<group>"; };
		69DCDF831C8D4969007AE04C /* ViewController.h */ = {isa = PBXFileReference; lastKnownFileType = sourcecode.c.h; path = ViewController.h; sourceTree = "<group>"; };
		69DCDF841C8D4969007AE04C /* ViewController.m */ = {isa = PBXFileReference; lastKnownFileType = sourcecode.c.objc; path = ViewController.m; sourceTree = "<group>"; };
		69DCDF871C8D4969007AE04C /* Base */ = {isa = PBXFileReference; lastKnownFileType = file.storyboard; name = Base; path = Base.lproj/Main.storyboard; sourceTree = "<group>"; };
		69DCDF891C8D4969007AE04C /* Assets.xcassets */ = {isa = PBXFileReference; lastKnownFileType = folder.assetcatalog; path = Assets.xcassets; sourceTree = "<group>"; };
		69DCDF8C1C8D4969007AE04C /* Base */ = {isa = PBXFileReference; lastKnownFileType = file.storyboard; name = Base; path = Base.lproj/LaunchScreen.storyboard; sourceTree = "<group>"; };
		69DCDF8E1C8D4969007AE04C /* Info.plist */ = {isa = PBXFileReference; lastKnownFileType = text.plist.xml; path = Info.plist; sourceTree = "<group>"; };
		69DCDF931C8D4969007AE04C /* WSWScrollviewTests.xctest */ = {isa = PBXFileReference; explicitFileType = wrapper.cfbundle; includeInIndex = 0; path = WSWScrollviewTests.xctest; sourceTree = BUILT_PRODUCTS_DIR; };
		69DCDF971C8D4969007AE04C /* WSWScrollviewTests.m */ = {isa = PBXFileReference; lastKnownFileType = sourcecode.c.objc; path = WSWScrollviewTests.m; sourceTree = "<group>"; };
		69DCDF991C8D4969007AE04C /* Info.plist */ = {isa = PBXFileReference; lastKnownFileType = text.plist.xml; path = Info.plist; sourceTree = "<group>"; };
		69DCDF9E1C8D4969007AE04C /* WSWScrollviewUITests.xctest */ = {isa = PBXFileReference; explicitFileType = wrapper.cfbundle; includeInIndex = 0; path = WSWScrollviewUITests.xctest; sourceTree = BUILT_PRODUCTS_DIR; };
		69DCDFA21C8D4969007AE04C /* WSWScrollviewUITests.m */ = {isa = PBXFileReference; lastKnownFileType = sourcecode.c.objc; path = WSWScrollviewUITests.m; sourceTree = "<group>"; };
		69DCDFA41C8D4969007AE04C /* Info.plist */ = {isa = PBXFileReference; lastKnownFileType = text.plist.xml; path = Info.plist; sourceTree = "<group>"; };
		69DCDFB11C8D4D65007AE04C /* 火影01.png */ = {isa = PBXFileReference; lastKnownFileType = image.png; path = "火影01.png"; sourceTree = "<group>"; };
		69DCDFB21C8D4D65007AE04C /* 火影02.png */ = {isa = PBXFileReference; lastKnownFileType = image.png; path = "火影02.png"; sourceTree = "<group>"; };
		69DCDFB31C8D4D65007AE04C /* 火影03.png */ = {isa = PBXFileReference; lastKnownFileType = image.png; path = "火影03.png"; sourceTree = "<group>"; };
		69DCDFB41C8D4D65007AE04C /* 火影04.png */ = {isa = PBXFileReference; lastKnownFileType = image.png; path = "火影04.png"; sourceTree = "<group>"; };
		69DCE01D1C8D710F007AE04C /* WSWScrollView.h */ = {isa = PBXFileReference; fileEncoding = 4; lastKnownFileType = sourcecode.c.h; name = WSWScrollView.h; path = ../WSWScrollview/WSWScrollView.h; sourceTree = "<group>"; };
		69DCE01E1C8D710F007AE04C /* WSWScrollView.m */ = {isa = PBXFileReference; fileEncoding = 4; lastKnownFileType = sourcecode.c.objc; name = WSWScrollView.m; path = ../WSWScrollview/WSWScrollView.m; sourceTree = "<group>"; };
/* End PBXFileReference section */

/* Begin PBXFrameworksBuildPhase section */
		69DCDF771C8D4969007AE04C /* Frameworks */ = {
			isa = PBXFrameworksBuildPhase;
			buildActionMask = 2147483647;
			files = (
			);
			runOnlyForDeploymentPostprocessing = 0;
		};
		69DCDF901C8D4969007AE04C /* Frameworks */ = {
			isa = PBXFrameworksBuildPhase;
			buildActionMask = 2147483647;
			files = (
			);
			runOnlyForDeploymentPostprocessing = 0;
		};
		69DCDF9B1C8D4969007AE04C /* Frameworks */ = {
			isa = PBXFrameworksBuildPhase;
			buildActionMask = 2147483647;
			files = (
			);
			runOnlyForDeploymentPostprocessing = 0;
		};
/* End PBXFrameworksBuildPhase section */

/* Begin PBXGroup section */
		6924519C1C8D82D100ECC1C4 /* SDWebImage */ = {
			isa = PBXGroup;
			children = (
				6924519D1C8D82D100ECC1C4 /* LICENSE */,
				6924519E1C8D82D100ECC1C4 /* README.md */,
				6924519F1C8D82D100ECC1C4 /* SDWebImage */,
			);
			name = SDWebImage;
			path = ../SDWebImage;
			sourceTree = "<group>";
		};
		6924519F1C8D82D100ECC1C4 /* SDWebImage */ = {
			isa = PBXGroup;
			children = (
				692451A01C8D82D100ECC1C4 /* NSData+ImageContentType.h */,
				692451A11C8D82D100ECC1C4 /* NSData+ImageContentType.m */,
				692451A21C8D82D100ECC1C4 /* SDImageCache.h */,
				692451A31C8D82D100ECC1C4 /* SDImageCache.m */,
				692451A41C8D82D100ECC1C4 /* SDWebImageCompat.h */,
				692451A51C8D82D100ECC1C4 /* SDWebImageCompat.m */,
				692451A61C8D82D100ECC1C4 /* SDWebImageDecoder.h */,
				692451A71C8D82D100ECC1C4 /* SDWebImageDecoder.m */,
				692451A81C8D82D100ECC1C4 /* SDWebImageDownloader.h */,
				692451A91C8D82D100ECC1C4 /* SDWebImageDownloader.m */,
				692451AA1C8D82D100ECC1C4 /* SDWebImageDownloaderOperation.h */,
				692451AB1C8D82D100ECC1C4 /* SDWebImageDownloaderOperation.m */,
				692451AC1C8D82D100ECC1C4 /* SDWebImageManager.h */,
				692451AD1C8D82D100ECC1C4 /* SDWebImageManager.m */,
				692451AE1C8D82D100ECC1C4 /* SDWebImageOperation.h */,
				692451AF1C8D82D100ECC1C4 /* SDWebImagePrefetcher.h */,
				692451B01C8D82D100ECC1C4 /* SDWebImagePrefetcher.m */,
				692451B11C8D82D100ECC1C4 /* UIButton+WebCache.h */,
				692451B21C8D82D100ECC1C4 /* UIButton+WebCache.m */,
				692451B31C8D82D100ECC1C4 /* UIImage+GIF.h */,
				692451B41C8D82D100ECC1C4 /* UIImage+GIF.m */,
				692451B51C8D82D100ECC1C4 /* UIImage+MultiFormat.h */,
				692451B61C8D82D100ECC1C4 /* UIImage+MultiFormat.m */,
				692451B71C8D82D100ECC1C4 /* UIImageView+HighlightedWebCache.h */,
				692451B81C8D82D100ECC1C4 /* UIImageView+HighlightedWebCache.m */,
				692451B91C8D82D100ECC1C4 /* UIImageView+WebCache.h */,
				692451BA1C8D82D100ECC1C4 /* UIImageView+WebCache.m */,
				692451BB1C8D82D100ECC1C4 /* UIView+WebCacheOperation.h */,
				692451BC1C8D82D100ECC1C4 /* UIView+WebCacheOperation.m */,
			);
			path = SDWebImage;
			sourceTree = "<group>";
		};
		692451CD1C8DB42F00ECC1C4 /* lib */ = {
			isa = PBXGroup;
			children = (
				69DCE01D1C8D710F007AE04C /* WSWScrollView.h */,
				69DCE01E1C8D710F007AE04C /* WSWScrollView.m */,
				6924519C1C8D82D100ECC1C4 /* SDWebImage */,
			);
			name = lib;
			path = "火影忍者";
			sourceTree = "<group>";
		};
		69DCDF711C8D4969007AE04C = {
			isa = PBXGroup;
			children = (
				692451CD1C8DB42F00ECC1C4 /* lib */,
				69DCDFB01C8D4D65007AE04C /* 火影忍者 */,
				69DCDF7C1C8D4969007AE04C /* WSWScrollview */,
				69DCDF961C8D4969007AE04C /* WSWScrollviewTests */,
				69DCDFA11C8D4969007AE04C /* WSWScrollviewUITests */,
				69DCDF7B1C8D4969007AE04C /* Products */,
			);
			sourceTree = "<group>";
		};
		69DCDF7B1C8D4969007AE04C /* Products */ = {
			isa = PBXGroup;
			children = (
				69DCDF7A1C8D4969007AE04C /* WSWScrollview.app */,
				69DCDF931C8D4969007AE04C /* WSWScrollviewTests.xctest */,
				69DCDF9E1C8D4969007AE04C /* WSWScrollviewUITests.xctest */,
			);
			name = Products;
			sourceTree = "<group>";
		};
		69DCDF7C1C8D4969007AE04C /* WSWScrollview */ = {
			isa = PBXGroup;
			children = (
				69DCDF801C8D4969007AE04C /* AppDelegate.h */,
				69DCDF811C8D4969007AE04C /* AppDelegate.m */,
				69DCDF831C8D4969007AE04C /* ViewController.h */,
				69DCDF841C8D4969007AE04C /* ViewController.m */,
				69DCDF861C8D4969007AE04C /* Main.storyboard */,
				69DCDF891C8D4969007AE04C /* Assets.xcassets */,
				69DCDF8B1C8D4969007AE04C /* LaunchScreen.storyboard */,
				69DCDF8E1C8D4969007AE04C /* Info.plist */,
				69DCDF7D1C8D4969007AE04C /* Supporting Files */,
			);
			path = WSWScrollview;
			sourceTree = "<group>";
		};
		69DCDF7D1C8D4969007AE04C /* Supporting Files */ = {
			isa = PBXGroup;
			children = (
				69DCDF7E1C8D4969007AE04C /* main.m */,
			);
			name = "Supporting Files";
			sourceTree = "<group>";
		};
		69DCDF961C8D4969007AE04C /* WSWScrollviewTests */ = {
			isa = PBXGroup;
			children = (
				69DCDF971C8D4969007AE04C /* WSWScrollviewTests.m */,
				69DCDF991C8D4969007AE04C /* Info.plist */,
			);
			path = WSWScrollviewTests;
			sourceTree = "<group>";
		};
		69DCDFA11C8D4969007AE04C /* WSWScrollviewUITests */ = {
			isa = PBXGroup;
			children = (
				69DCDFA21C8D4969007AE04C /* WSWScrollviewUITests.m */,
				69DCDFA41C8D4969007AE04C /* Info.plist */,
			);
			path = WSWScrollviewUITests;
			sourceTree = "<group>";
		};
		69DCDFB01C8D4D65007AE04C /* 火影忍者 */ = {
			isa = PBXGroup;
			children = (
				69DCDFB11C8D4D65007AE04C /* 火影01.png */,
				69DCDFB21C8D4D65007AE04C /* 火影02.png */,
				69DCDFB31C8D4D65007AE04C /* 火影03.png */,
				69DCDFB41C8D4D65007AE04C /* 火影04.png */,
			);
			path = "火影忍者";
			sourceTree = "<group>";
		};
/* End PBXGroup section */

/* Begin PBXNativeTarget section */
		69DCDF791C8D4969007AE04C /* WSWScrollview */ = {
			isa = PBXNativeTarget;
			buildConfigurationList = 69DCDFA71C8D4969007AE04C /* Build configuration list for PBXNativeTarget "WSWScrollview" */;
			buildPhases = (
				69DCDF761C8D4969007AE04C /* Sources */,
				69DCDF771C8D4969007AE04C /* Frameworks */,
				69DCDF781C8D4969007AE04C /* Resources */,
			);
			buildRules = (
			);
			dependencies = (
			);
			name = WSWScrollview;
			productName = WSWScrollview;
			productReference = 69DCDF7A1C8D4969007AE04C /* WSWScrollview.app */;
			productType = "com.apple.product-type.application";
		};
		69DCDF921C8D4969007AE04C /* WSWScrollviewTests */ = {
			isa = PBXNativeTarget;
			buildConfigurationList = 69DCDFAA1C8D4969007AE04C /* Build configuration list for PBXNativeTarget "WSWScrollviewTests" */;
			buildPhases = (
				69DCDF8F1C8D4969007AE04C /* Sources */,
				69DCDF901C8D4969007AE04C /* Frameworks */,
				69DCDF911C8D4969007AE04C /* Resources */,
			);
			buildRules = (
			);
			dependencies = (
				69DCDF951C8D4969007AE04C /* PBXTargetDependency */,
			);
			name = WSWScrollviewTests;
			productName = WSWScrollviewTests;
			productReference = 69DCDF931C8D4969007AE04C /* WSWScrollviewTests.xctest */;
			productType = "com.apple.product-type.bundle.unit-test";
		};
		69DCDF9D1C8D4969007AE04C /* WSWScrollviewUITests */ = {
			isa = PBXNativeTarget;
			buildConfigurationList = 69DCDFAD1C8D4969007AE04C /* Build configuration list for PBXNativeTarget "WSWScrollviewUITests" */;
			buildPhases = (
				69DCDF9A1C8D4969007AE04C /* Sources */,
				69DCDF9B1C8D4969007AE04C /* Frameworks */,
				69DCDF9C1C8D4969007AE04C /* Resources */,
			);
			buildRules = (
			);
			dependencies = (
				69DCDFA01C8D4969007AE04C /* PBXTargetDependency */,
			);
			name = WSWScrollviewUITests;
			productName = WSWScrollviewUITests;
			productReference = 69DCDF9E1C8D4969007AE04C /* WSWScrollviewUITests.xctest */;
			productType = "com.apple.product-type.bundle.ui-testing";
		};
/* End PBXNativeTarget section */

/* Begin PBXProject section */
		69DCDF721C8D4969007AE04C /* Project object */ = {
			isa = PBXProject;
			attributes = {
				LastUpgradeCheck = 0720;
				ORGANIZATIONNAME = laolai;
				TargetAttributes = {
					69DCDF791C8D4969007AE04C = {
						CreatedOnToolsVersion = 7.2;
					};
					69DCDF921C8D4969007AE04C = {
						CreatedOnToolsVersion = 7.2;
						TestTargetID = 69DCDF791C8D4969007AE04C;
					};
					69DCDF9D1C8D4969007AE04C = {
						CreatedOnToolsVersion = 7.2;
						TestTargetID = 69DCDF791C8D4969007AE04C;
					};
				};
			};
			buildConfigurationList = 69DCDF751C8D4969007AE04C /* Build configuration list for PBXProject "WSWScrollview" */;
			compatibilityVersion = "Xcode 3.2";
			developmentRegion = English;
			hasScannedForEncodings = 0;
			knownRegions = (
				en,
				Base,
			);
			mainGroup = 69DCDF711C8D4969007AE04C;
			productRefGroup = 69DCDF7B1C8D4969007AE04C /* Products */;
			projectDirPath = "";
			projectRoot = "";
			targets = (
				69DCDF791C8D4969007AE04C /* WSWScrollview */,
				69DCDF921C8D4969007AE04C /* WSWScrollviewTests */,
				69DCDF9D1C8D4969007AE04C /* WSWScrollviewUITests */,
			);
		};
/* End PBXProject section */

/* Begin PBXResourcesBuildPhase section */
		69DCDF781C8D4969007AE04C /* Resources */ = {
			isa = PBXResourcesBuildPhase;
			buildActionMask = 2147483647;
			files = (
				69DCDFE71C8D4D65007AE04C /* 火影01.png in Resources */,
				692451BD1C8D82D100ECC1C4 /* LICENSE in Resources */,
				69DCDF8D1C8D4969007AE04C /* LaunchScreen.storyboard in Resources */,
				69DCDFEA1C8D4D65007AE04C /* 火影04.png in Resources */,
				69DCDFE91C8D4D65007AE04C /* 火影03.png in Resources */,
				69DCDF8A1C8D4969007AE04C /* Assets.xcassets in Resources */,
				69DCDFE81C8D4D65007AE04C /* 火影02.png in Resources */,
				69DCDF881C8D4969007AE04C /* Main.storyboard in Resources */,
			);
			runOnlyForDeploymentPostprocessing = 0;
		};
		69DCDF911C8D4969007AE04C /* Resources */ = {
			isa = PBXResourcesBuildPhase;
			buildActionMask = 2147483647;
			files = (
			);
			runOnlyForDeploymentPostprocessing = 0;
		};
		69DCDF9C1C8D4969007AE04C /* Resources */ = {
			isa = PBXResourcesBuildPhase;
			buildActionMask = 2147483647;
			files = (
			);
			runOnlyForDeploymentPostprocessing = 0;
		};
/* End PBXResourcesBuildPhase section */

/* Begin PBXSourcesBuildPhase section */
		69DCDF761C8D4969007AE04C /* Sources */ = {
			isa = PBXSourcesBuildPhase;
			buildActionMask = 2147483647;
			files = (
				692451CA1C8D82D100ECC1C4 /* UIImageView+HighlightedWebCache.m in Sources */,
				692451BE1C8D82D100ECC1C4 /* README.md in Sources */,
				692451C61C8D82D100ECC1C4 /* SDWebImagePrefetcher.m in Sources */,
				69DCDF851C8D4969007AE04C /* ViewController.m in Sources */,
				692451C21C8D82D100ECC1C4 /* SDWebImageDecoder.m in Sources */,
				692451C31C8D82D100ECC1C4 /* SDWebImageDownloader.m in Sources */,
				69DCE01F1C8D710F007AE04C /* WSWScrollView.m in Sources */,
				692451C51C8D82D100ECC1C4 /* SDWebImageManager.m in Sources */,
				692451C71C8D82D100ECC1C4 /* UIButton+WebCache.m in Sources */,
				692451C91C8D82D100ECC1C4 /* UIImage+MultiFormat.m in Sources */,
				692451CB1C8D82D100ECC1C4 /* UIImageView+WebCache.m in Sources */,
				692451CC1C8D82D100ECC1C4 /* UIView+WebCacheOperation.m in Sources */,
				692451C41C8D82D100ECC1C4 /* SDWebImageDownloaderOperation.m in Sources */,
				692451C81C8D82D100ECC1C4 /* UIImage+GIF.m in Sources */,
				692451C11C8D82D100ECC1C4 /* SDWebImageCompat.m in Sources */,
				692451BF1C8D82D100ECC1C4 /* NSData+ImageContentType.m in Sources */,
				69DCDF821C8D4969007AE04C /* AppDelegate.m in Sources */,
				69DCDF7F1C8D4969007AE04C /* main.m in Sources */,
				692451C01C8D82D100ECC1C4 /* SDImageCache.m in Sources */,
			);
			runOnlyForDeploymentPostprocessing = 0;
		};
		69DCDF8F1C8D4969007AE04C /* Sources */ = {
			isa = PBXSourcesBuildPhase;
			buildActionMask = 2147483647;
			files = (
				69DCDF981C8D4969007AE04C /* WSWScrollviewTests.m in Sources */,
			);
			runOnlyForDeploymentPostprocessing = 0;
		};
		69DCDF9A1C8D4969007AE04C /* Sources */ = {
			isa = PBXSourcesBuildPhase;
			buildActionMask = 2147483647;
			files = (
				69DCDFA31C8D4969007AE04C /* WSWScrollviewUITests.m in Sources */,
			);
			runOnlyForDeploymentPostprocessing = 0;
		};
/* End PBXSourcesBuildPhase section */

/* Begin PBXTargetDependency section */
		69DCDF951C8D4969007AE04C /* PBXTargetDependency */ = {
			isa = PBXTargetDependency;
			target = 69DCDF791C8D4969007AE04C /* WSWScrollview */;
			targetProxy = 69DCDF941C8D4969007AE04C /* PBXContainerItemProxy */;
		};
		69DCDFA01C8D4969007AE04C /* PBXTargetDependency */ = {
			isa = PBXTargetDependency;
			target = 69DCDF791C8D4969007AE04C /* WSWScrollview */;
			targetProxy = 69DCDF9F1C8D4969007AE04C /* PBXContainerItemProxy */;
		};
/* End PBXTargetDependency section */

/* Begin PBXVariantGroup section */
		69DCDF861C8D4969007AE04C /* Main.storyboard */ = {
			isa = PBXVariantGroup;
			children = (
				69DCDF871C8D4969007AE04C /* Base */,
			);
			name = Main.storyboard;
			sourceTree = "<group>";
		};
		69DCDF8B1C8D4969007AE04C /* LaunchScreen.storyboard */ = {
			isa = PBXVariantGroup;
			children = (
				69DCDF8C1C8D4969007AE04C /* Base */,
			);
			name = LaunchScreen.storyboard;
			sourceTree = "<group>";
		};
/* End PBXVariantGroup section */

/* Begin XCBuildConfiguration section */
		69DCDFA51C8D4969007AE04C /* Debug */ = {
			isa = XCBuildConfiguration;
			buildSettings = {
				ALWAYS_SEARCH_USER_PATHS = NO;
				CLANG_CXX_LANGUAGE_STANDARD = "gnu++0x";
				CLANG_CXX_LIBRARY = "libc++";
				CLANG_ENABLE_MODULES = YES;
				CLANG_ENABLE_OBJC_ARC = YES;
				CLANG_WARN_BOOL_CONVERSION = YES;
				CLANG_WARN_CONSTANT_CONVERSION = YES;
				CLANG_WARN_DIRECT_OBJC_ISA_USAGE = YES_ERROR;
				CLANG_WARN_EMPTY_BODY = YES;
				CLANG_WARN_ENUM_CONVERSION = YES;
				CLANG_WARN_INT_CONVERSION = YES;
				CLANG_WARN_OBJC_ROOT_CLASS = YES_ERROR;
				CLANG_WARN_UNREACHABLE_CODE = YES;
				CLANG_WARN__DUPLICATE_METHOD_MATCH = YES;
				"CODE_SIGN_IDENTITY[sdk=iphoneos*]" = "iPhone Developer";
				COPY_PHASE_STRIP = NO;
				DEBUG_INFORMATION_FORMAT = dwarf;
				ENABLE_STRICT_OBJC_MSGSEND = YES;
				ENABLE_TESTABILITY = YES;
				GCC_C_LANGUAGE_STANDARD = gnu99;
				GCC_DYNAMIC_NO_PIC = NO;
				GCC_NO_COMMON_BLOCKS = YES;
				GCC_OPTIMIZATION_LEVEL = 0;
				GCC_PREPROCESSOR_DEFINITIONS = (
					"DEBUG=1",
					"$(inherited)",
				);
				GCC_WARN_64_TO_32_BIT_CONVERSION = YES;
				GCC_WARN_ABOUT_RETURN_TYPE = YES_ERROR;
				GCC_WARN_UNDECLARED_SELECTOR = YES;
				GCC_WARN_UNINITIALIZED_AUTOS = YES_AGGRESSIVE;
				GCC_WARN_UNUSED_FUNCTION = YES;
				GCC_WARN_UNUSED_VARIABLE = YES;
				IPHONEOS_DEPLOYMENT_TARGET = 9.2;
				MTL_ENABLE_DEBUG_INFO = YES;
				ONLY_ACTIVE_ARCH = YES;
				SDKROOT = iphoneos;
				TARGETED_DEVICE_FAMILY = "1,2";
			GCC_SYMBOLS_PRIVATE_EXTERN = NO;
				};
			name = Debug;
		};
		69DCDFA61C8D4969007AE04C /* Release */ = {
			isa = XCBuildConfiguration;
			buildSettings = {
				ALWAYS_SEARCH_USER_PATHS = NO;
				CLANG_CXX_LANGUAGE_STANDARD = "gnu++0x";
				CLANG_CXX_LIBRARY = "libc++";
				CLANG_ENABLE_MODULES = YES;
				CLANG_ENABLE_OBJC_ARC = YES;
				CLANG_WARN_BOOL_CONVERSION = YES;
				CLANG_WARN_CONSTANT_CONVERSION = YES;
				CLANG_WARN_DIRECT_OBJC_ISA_USAGE = YES_ERROR;
				CLANG_WARN_EMPTY_BODY = YES;
				CLANG_WARN_ENUM_CONVERSION = YES;
				CLANG_WARN_INT_CONVERSION = YES;
				CLANG_WARN_OBJC_ROOT_CLASS = YES_ERROR;
				CLANG_WARN_UNREACHABLE_CODE = YES;
				CLANG_WARN__DUPLICATE_METHOD_MATCH = YES;
				"CODE_SIGN_IDENTITY[sdk=iphoneos*]" = "iPhone Developer";
				COPY_PHASE_STRIP = NO;
				DEBUG_INFORMATION_FORMAT = "dwarf-with-dsym";
				ENABLE_NS_ASSERTIONS = NO;
				ENABLE_STRICT_OBJC_MSGSEND = YES;
				GCC_C_LANGUAGE_STANDARD = gnu99;
				GCC_NO_COMMON_BLOCKS = YES;
				GCC_WARN_64_TO_32_BIT_CONVERSION = YES;
				GCC_WARN_ABOUT_RETURN_TYPE = YES_ERROR;
				GCC_WARN_UNDECLARED_SELECTOR = YES;
				GCC_WARN_UNINITIALIZED_AUTOS = YES_AGGRESSIVE;
				GCC_WARN_UNUSED_FUNCTION = YES;
				GCC_WARN_UNUSED_VARIABLE = YES;
				IPHONEOS_DEPLOYMENT_TARGET = 9.2;
				MTL_ENABLE_DEBUG_INFO = NO;
				SDKROOT = iphoneos;
				TARGETED_DEVICE_FAMILY = "1,2";
				VALIDATE_PRODUCT = YES;
			};
			name = Release;
		};
		69DCDFA81C8D4969007AE04C /* Debug */ = {
			isa = XCBuildConfiguration;
			buildSettings = {
				ASSETCATALOG_COMPILER_APPICON_NAME = AppIcon;
				INFOPLIST_FILE = WSWScrollview/Info.plist;
				LD_RUNPATH_SEARCH_PATHS = "$(inherited) @executable_path/Frameworks";
				PRODUCT_BUNDLE_IDENTIFIER = com.beijing.WSWScrollview;
				PRODUCT_NAME = "$(TARGET_NAME)";
			GCC_SYMBOLS_PRIVATE_EXTERN = NO;
				};
			name = Debug;
		};
		69DCDFA91C8D4969007AE04C /* Release */ = {
			isa = XCBuildConfiguration;
			buildSettings = {
				ASSETCATALOG_COMPILER_APPICON_NAME = AppIcon;
				INFOPLIST_FILE = WSWScrollview/Info.plist;
				LD_RUNPATH_SEARCH_PATHS = "$(inherited) @executable_path/Frameworks";
				PRODUCT_BUNDLE_IDENTIFIER = com.beijing.WSWScrollview;
				PRODUCT_NAME = "$(TARGET_NAME)";
			};
			name = Release;
		};
		69DCDFAB1C8D4969007AE04C /* Debug */ = {
			isa = XCBuildConfiguration;
			buildSettings = {
				BUNDLE_LOADER = "$(TEST_HOST)";
				INFOPLIST_FILE = WSWScrollviewTests/Info.plist;
				LD_RUNPATH_SEARCH_PATHS = "$(inherited) @executable_path/Frameworks @loader_path/Frameworks";
				PRODUCT_BUNDLE_IDENTIFIER = com.beijing.WSWScrollviewTests;
				PRODUCT_NAME = "$(TARGET_NAME)";
				TEST_HOST = "$(BUILT_PRODUCTS_DIR)/WSWScrollview.app/WSWScrollview";
			GCC_SYMBOLS_PRIVATE_EXTERN = NO;
				};
			name = Debug;
		};
		69DCDFAC1C8D4969007AE04C /* Release */ = {
			isa = XCBuildConfiguration;
			buildSettings = {
				BUNDLE_LOADER = "$(TEST_HOST)";
				INFOPLIST_FILE = WSWScrollviewTests/Info.plist;
				LD_RUNPATH_SEARCH_PATHS = "$(inherited) @executable_path/Frameworks @loader_path/Frameworks";
				PRODUCT_BUNDLE_IDENTIFIER = com.beijing.WSWScrollviewTests;
				PRODUCT_NAME = "$(TARGET_NAME)";
				TEST_HOST = "$(BUILT_PRODUCTS_DIR)/WSWScrollview.app/WSWScrollview";
			};
			name = Release;
		};
		69DCDFAE1C8D4969007AE04C /* Debug */ = {
			isa = XCBuildConfiguration;
			buildSettings = {
				INFOPLIST_FILE = WSWScrollviewUITests/Info.plist;
				LD_RUNPATH_SEARCH_PATHS = "$(inherited) @executable_path/Frameworks @loader_path/Frameworks";
				PRODUCT_BUNDLE_IDENTIFIER = com.beijing.WSWScrollviewUITests;
				PRODUCT_NAME = "$(TARGET_NAME)";
				TEST_TARGET_NAME = WSWScrollview;
				USES_XCTRUNNER = YES;
			GCC_SYMBOLS_PRIVATE_EXTERN = NO;
				};
			name = Debug;
		};
		69DCDFAF1C8D4969007AE04C /* Release */ = {
			isa = XCBuildConfiguration;
			buildSettings = {
				INFOPLIST_FILE = WSWScrollviewUITests/Info.plist;
				LD_RUNPATH_SEARCH_PATHS = "$(inherited) @executable_path/Frameworks @loader_path/Frameworks";
				PRODUCT_BUNDLE_IDENTIFIER = com.beijing.WSWScrollviewUITests;
				PRODUCT_NAME = "$(TARGET_NAME)";
				TEST_TARGET_NAME = WSWScrollview;
				USES_XCTRUNNER = YES;
			};
			name = Release;
		};
/* End XCBuildConfiguration section */

/* Begin XCConfigurationList section */
		69DCDF751C8D4969007AE04C /* Build configuration list for PBXProject "WSWScrollview" */ = {
			isa = XCConfigurationList;
			buildConfigurations = (
				69DCDFA51C8D4969007AE04C /* Debug */,
				69DCDFA61C8D4969007AE04C /* Release */,
			);
			defaultConfigurationIsVisible = 0;
			defaultConfigurationName = Release;
		};
		69DCDFA71C8D4969007AE04C /* Build configuration list for PBXNativeTarget "WSWScrollview" */ = {
			isa = XCConfigurationList;
			buildConfigurations = (
				69DCDFA81C8D4969007AE04C /* Debug */,
				69DCDFA91C8D4969007AE04C /* Release */,
			);
			defaultConfigurationIsVisible = 0;
			defaultConfigurationName = Release;
		};
		69DCDFAA1C8D4969007AE04C /* Build configuration list for PBXNativeTarget "WSWScrollviewTests" */ = {
			isa = XCConfigurationList;
			buildConfigurations = (
				69DCDFAB1C8D4969007AE04C /* Debug */,
				69DCDFAC1C8D4969007AE04C /* Release */,
			);
			defaultConfigurationIsVisible = 0;
			defaultConfigurationName = Release;
		};
		69DCDFAD1C8D4969007AE04C /* Build configuration list for PBXNativeTarget "WSWScrollviewUITests" */ = {
			isa = XCConfigurationList;
			buildConfigurations = (
				69DCDFAE1C8D4969007AE04C /* Debug */,
				69DCDFAF1C8D4969007AE04C /* Release */,
			);
			defaultConfigurationIsVisible = 0;
			defaultConfigurationName = Release;
		};
/* End XCConfigurationList section */
	};
	rootObject = 69DCDF721C8D4969007AE04C /* Project object */;
}
